// !$*UTF8*$!
{
	archiveVersion = 1;
	classes = {
	};
	objectVersion = 55;
	objects = {

/* Begin PBXBuildFile section */
		DF2245A0E2C0E87A1C371237 /* Pods_Kino_i_Tochka.framework in Frameworks */ = {isa = PBXBuildFile; fileRef = 137A273F4C166626E01603C0 /* Pods_Kino_i_Tochka.framework */; };
		EC00201528A931A5000B6D31 /* MoviesViewModel.swift in Sources */ = {isa = PBXBuildFile; fileRef = EC00201428A931A5000B6D31 /* MoviesViewModel.swift */; };
		EC05272C28A7F58B000370DF /* SpotlightManager.swift in Sources */ = {isa = PBXBuildFile; fileRef = EC05272B28A7F58B000370DF /* SpotlightManager.swift */; };
		EC1F7C5428AAA8860032221E /* MoviesViewModelType.swift in Sources */ = {isa = PBXBuildFile; fileRef = EC1F7C5328AAA8860032221E /* MoviesViewModelType.swift */; };
		EC1F7C5728AAAD9D0032221E /* MoviesCellViewModelType.swift in Sources */ = {isa = PBXBuildFile; fileRef = EC1F7C5628AAAD9D0032221E /* MoviesCellViewModelType.swift */; };
		EC1F7C5928AAAE970032221E /* MoviesCellViewModel.swift in Sources */ = {isa = PBXBuildFile; fileRef = EC1F7C5828AAAE970032221E /* MoviesCellViewModel.swift */; };
		EC3A7F48288C0E4E0089427A /* MoviesViewController + UITableView.swift in Sources */ = {isa = PBXBuildFile; fileRef = EC3A7F47288C0E4E0089427A /* MoviesViewController + UITableView.swift */; };
		EC3A7F4A288C0E940089427A /* DetailViewController + UICollectionView.swift in Sources */ = {isa = PBXBuildFile; fileRef = EC3A7F49288C0E940089427A /* DetailViewController + UICollectionView.swift */; };
		EC3A7F4C288C0ED10089427A /* FavoritesViewController + UITableView.swift in Sources */ = {isa = PBXBuildFile; fileRef = EC3A7F4B288C0ED10089427A /* FavoritesViewController + UITableView.swift */; };
		EC3A7F4E288C0F140089427A /* UIView + Gradient.swift in Sources */ = {isa = PBXBuildFile; fileRef = EC3A7F4D288C0F140089427A /* UIView + Gradient.swift */; };
		EC3A7F50288C0F510089427A /* DetailViewController + UIScrollView.swift in Sources */ = {isa = PBXBuildFile; fileRef = EC3A7F4F288C0F510089427A /* DetailViewController + UIScrollView.swift */; };
		EC65BAFC289AE247009BDEE2 /* ProfileViewController.swift in Sources */ = {isa = PBXBuildFile; fileRef = EC65BAFB289AE247009BDEE2 /* ProfileViewController.swift */; };
		EC67B0BB286F63EB00C76AC8 /* MovieTableViewCell.swift in Sources */ = {isa = PBXBuildFile; fileRef = EC67B0BA286F63EB00C76AC8 /* MovieTableViewCell.swift */; };
		EC96BCC1287CAB2B0054A7A4 /* Network.swift in Sources */ = {isa = PBXBuildFile; fileRef = EC96BCC0287CAB2B0054A7A4 /* Network.swift */; };
		EC97E69C2874AF70007F43DC /* GenresCollectionViewCell.swift in Sources */ = {isa = PBXBuildFile; fileRef = EC97E69B2874AF70007F43DC /* GenresCollectionViewCell.swift */; };
		EC9818D22879BE2600803059 /* FavoritesViewController.swift in Sources */ = {isa = PBXBuildFile; fileRef = EC9818D12879BE2600803059 /* FavoritesViewController.swift */; };
		EC9818D42879BEB100803059 /* FavoritesTableViewCell.swift in Sources */ = {isa = PBXBuildFile; fileRef = EC9818D32879BEB100803059 /* FavoritesTableViewCell.swift */; };
		EC99220C289173A60075AB3E /* UIStackView + Extension.swift in Sources */ = {isa = PBXBuildFile; fileRef = EC99220B289173A60075AB3E /* UIStackView + Extension.swift */; };
		EC9AD29A287F29220035948D /* Int + Extension.swift in Sources */ = {isa = PBXBuildFile; fileRef = EC9AD299287F29220035948D /* Int + Extension.swift */; };
		ECA1862F28709F4600399989 /* DetailViewController.swift in Sources */ = {isa = PBXBuildFile; fileRef = ECA1862E28709F4600399989 /* DetailViewController.swift */; };
		ECA186312870A48A00399989 /* DetailMovieModel.swift in Sources */ = {isa = PBXBuildFile; fileRef = ECA186302870A48A00399989 /* DetailMovieModel.swift */; };
		ECA217182871C2B900534A65 /* UIImageView + Extension.swift in Sources */ = {isa = PBXBuildFile; fileRef = ECA217172871C2B900534A65 /* UIImageView + Extension.swift */; };
		ECA217402872096600534A65 /* PersonCollectionViewCell.swift in Sources */ = {isa = PBXBuildFile; fileRef = ECA2173F2872096600534A65 /* PersonCollectionViewCell.swift */; };
		ECB29D7828C1243F001AEE22 /* MoviesService.swift in Sources */ = {isa = PBXBuildFile; fileRef = ECB29D7728C1243F001AEE22 /* MoviesService.swift */; };
		ECBB0EE5289D864100AF4E96 /* DetailFavoritesViewController.swift in Sources */ = {isa = PBXBuildFile; fileRef = ECBB0EE4289D864100AF4E96 /* DetailFavoritesViewController.swift */; };
		ECBB0EE7289D87F400AF4E96 /* DetailFavoritesViewController + UICollectionView.swift in Sources */ = {isa = PBXBuildFile; fileRef = ECBB0EE6289D87F400AF4E96 /* DetailFavoritesViewController + UICollectionView.swift */; };
		ECBB0EE9289D893D00AF4E96 /* GenresFavoritesCollectionViewCell.swift in Sources */ = {isa = PBXBuildFile; fileRef = ECBB0EE8289D893D00AF4E96 /* GenresFavoritesCollectionViewCell.swift */; };
		ECBB0EEB289D8A3100AF4E96 /* DetailFavoritesViewController + UIScrollView.swift in Sources */ = {isa = PBXBuildFile; fileRef = ECBB0EEA289D8A3100AF4E96 /* DetailFavoritesViewController + UIScrollView.swift */; };
		ECC76E0A286F493500C7F7AB /* AppDelegate.swift in Sources */ = {isa = PBXBuildFile; fileRef = ECC76E09286F493500C7F7AB /* AppDelegate.swift */; };
		ECC76E0C286F493500C7F7AB /* SceneDelegate.swift in Sources */ = {isa = PBXBuildFile; fileRef = ECC76E0B286F493500C7F7AB /* SceneDelegate.swift */; };
		ECC76E0E286F493500C7F7AB /* MoviesViewController.swift in Sources */ = {isa = PBXBuildFile; fileRef = ECC76E0D286F493500C7F7AB /* MoviesViewController.swift */; };
		ECC76E11286F493500C7F7AB /* Main.storyboard in Resources */ = {isa = PBXBuildFile; fileRef = ECC76E0F286F493500C7F7AB /* Main.storyboard */; };
		ECC76E13286F493600C7F7AB /* Assets.xcassets in Resources */ = {isa = PBXBuildFile; fileRef = ECC76E12286F493600C7F7AB /* Assets.xcassets */; };
		ECC76E16286F493600C7F7AB /* LaunchScreen.storyboard in Resources */ = {isa = PBXBuildFile; fileRef = ECC76E14286F493600C7F7AB /* LaunchScreen.storyboard */; };
		ECC76E24286F5BCF00C7F7AB /* MoviesModel.swift in Sources */ = {isa = PBXBuildFile; fileRef = ECC76E23286F5BCF00C7F7AB /* MoviesModel.swift */; };
		ECC9712728BFE5A400F6A02C /* PersonsFavoritesCollectionViewCell.swift in Sources */ = {isa = PBXBuildFile; fileRef = ECC9712628BFE5A400F6A02C /* PersonsFavoritesCollectionViewCell.swift */; };
		ECCB55B528B3FE1000967FF1 /* UIActivityIndicator + Extention.swift in Sources */ = {isa = PBXBuildFile; fileRef = ECCB55B428B3FE1000967FF1 /* UIActivityIndicator + Extention.swift */; };
		ECD83E7528A41A0E003D2DC3 /* KeysDefaults.swift in Sources */ = {isa = PBXBuildFile; fileRef = ECD83E7428A41A0E003D2DC3 /* KeysDefaults.swift */; };
		ECDB61E42878CED100FEF240 /* RealmModel.swift in Sources */ = {isa = PBXBuildFile; fileRef = ECDB61E32878CED100FEF240 /* RealmModel.swift */; };
		ECDB61E72878D08900FEF240 /* RealmManager.swift in Sources */ = {isa = PBXBuildFile; fileRef = ECDB61E62878D08900FEF240 /* RealmManager.swift */; };
/* End PBXBuildFile section */

/* Begin PBXFileReference section */
		137A273F4C166626E01603C0 /* Pods_Kino_i_Tochka.framework */ = {isa = PBXFileReference; explicitFileType = wrapper.framework; includeInIndex = 0; path = Pods_Kino_i_Tochka.framework; sourceTree = BUILT_PRODUCTS_DIR; };
		2DD35B520DD472F69A392628 /* Pods-Kino_i_Tochka.debug.xcconfig */ = {isa = PBXFileReference; includeInIndex = 1; lastKnownFileType = text.xcconfig; name = "Pods-Kino_i_Tochka.debug.xcconfig"; path = "Target Support Files/Pods-Kino_i_Tochka/Pods-Kino_i_Tochka.debug.xcconfig"; sourceTree = "<group>"; };
		BE90AE0581DAEDA8003401D6 /* Pods-Kino_i_Tochka.release.xcconfig */ = {isa = PBXFileReference; includeInIndex = 1; lastKnownFileType = text.xcconfig; name = "Pods-Kino_i_Tochka.release.xcconfig"; path = "Target Support Files/Pods-Kino_i_Tochka/Pods-Kino_i_Tochka.release.xcconfig"; sourceTree = "<group>"; };
		EC00201428A931A5000B6D31 /* MoviesViewModel.swift */ = {isa = PBXFileReference; lastKnownFileType = sourcecode.swift; path = MoviesViewModel.swift; sourceTree = "<group>"; };
		EC05272A28A7E78E000370DF /* Config.xcconfig */ = {isa = PBXFileReference; lastKnownFileType = text.xcconfig; path = Config.xcconfig; sourceTree = "<group>"; };
		EC05272B28A7F58B000370DF /* SpotlightManager.swift */ = {isa = PBXFileReference; lastKnownFileType = sourcecode.swift; path = SpotlightManager.swift; sourceTree = "<group>"; };
		EC1F7C5328AAA8860032221E /* MoviesViewModelType.swift */ = {isa = PBXFileReference; lastKnownFileType = sourcecode.swift; path = MoviesViewModelType.swift; sourceTree = "<group>"; };
		EC1F7C5628AAAD9D0032221E /* MoviesCellViewModelType.swift */ = {isa = PBXFileReference; lastKnownFileType = sourcecode.swift; path = MoviesCellViewModelType.swift; sourceTree = "<group>"; };
		EC1F7C5828AAAE970032221E /* MoviesCellViewModel.swift */ = {isa = PBXFileReference; lastKnownFileType = sourcecode.swift; path = MoviesCellViewModel.swift; sourceTree = "<group>"; };
		EC3A7F47288C0E4E0089427A /* MoviesViewController + UITableView.swift */ = {isa = PBXFileReference; lastKnownFileType = sourcecode.swift; path = "MoviesViewController + UITableView.swift"; sourceTree = "<group>"; };
		EC3A7F49288C0E940089427A /* DetailViewController + UICollectionView.swift */ = {isa = PBXFileReference; lastKnownFileType = sourcecode.swift; path = "DetailViewController + UICollectionView.swift"; sourceTree = "<group>"; };
		EC3A7F4B288C0ED10089427A /* FavoritesViewController + UITableView.swift */ = {isa = PBXFileReference; lastKnownFileType = sourcecode.swift; path = "FavoritesViewController + UITableView.swift"; sourceTree = "<group>"; };
		EC3A7F4D288C0F140089427A /* UIView + Gradient.swift */ = {isa = PBXFileReference; lastKnownFileType = sourcecode.swift; path = "UIView + Gradient.swift"; sourceTree = "<group>"; };
		EC3A7F4F288C0F510089427A /* DetailViewController + UIScrollView.swift */ = {isa = PBXFileReference; lastKnownFileType = sourcecode.swift; path = "DetailViewController + UIScrollView.swift"; sourceTree = "<group>"; };
		EC65BAFB289AE247009BDEE2 /* ProfileViewController.swift */ = {isa = PBXFileReference; lastKnownFileType = sourcecode.swift; path = ProfileViewController.swift; sourceTree = "<group>"; };
		EC67B0BA286F63EB00C76AC8 /* MovieTableViewCell.swift */ = {isa = PBXFileReference; lastKnownFileType = sourcecode.swift; path = MovieTableViewCell.swift; sourceTree = "<group>"; };
		EC96BCC0287CAB2B0054A7A4 /* Network.swift */ = {isa = PBXFileReference; fileEncoding = 4; lastKnownFileType = sourcecode.swift; path = Network.swift; sourceTree = "<group>"; };
		EC97E69B2874AF70007F43DC /* GenresCollectionViewCell.swift */ = {isa = PBXFileReference; fileEncoding = 4; lastKnownFileType = sourcecode.swift; path = GenresCollectionViewCell.swift; sourceTree = "<group>"; };
		EC9818D12879BE2600803059 /* FavoritesViewController.swift */ = {isa = PBXFileReference; lastKnownFileType = sourcecode.swift; path = FavoritesViewController.swift; sourceTree = "<group>"; };
		EC9818D32879BEB100803059 /* FavoritesTableViewCell.swift */ = {isa = PBXFileReference; lastKnownFileType = sourcecode.swift; path = FavoritesTableViewCell.swift; sourceTree = "<group>"; };
		EC99220B289173A60075AB3E /* UIStackView + Extension.swift */ = {isa = PBXFileReference; lastKnownFileType = sourcecode.swift; path = "UIStackView + Extension.swift"; sourceTree = "<group>"; };
		EC9AD299287F29220035948D /* Int + Extension.swift */ = {isa = PBXFileReference; lastKnownFileType = sourcecode.swift; path = "Int + Extension.swift"; sourceTree = "<group>"; };
		ECA1862E28709F4600399989 /* DetailViewController.swift */ = {isa = PBXFileReference; lastKnownFileType = sourcecode.swift; path = DetailViewController.swift; sourceTree = "<group>"; };
		ECA186302870A48A00399989 /* DetailMovieModel.swift */ = {isa = PBXFileReference; lastKnownFileType = sourcecode.swift; path = DetailMovieModel.swift; sourceTree = "<group>"; };
		ECA217172871C2B900534A65 /* UIImageView + Extension.swift */ = {isa = PBXFileReference; lastKnownFileType = sourcecode.swift; path = "UIImageView + Extension.swift"; sourceTree = "<group>"; };
		ECA2173F2872096600534A65 /* PersonCollectionViewCell.swift */ = {isa = PBXFileReference; lastKnownFileType = sourcecode.swift; path = PersonCollectionViewCell.swift; sourceTree = "<group>"; };
		ECB29D7728C1243F001AEE22 /* MoviesService.swift */ = {isa = PBXFileReference; lastKnownFileType = sourcecode.swift; path = MoviesService.swift; sourceTree = "<group>"; };
		ECBB0EE4289D864100AF4E96 /* DetailFavoritesViewController.swift */ = {isa = PBXFileReference; lastKnownFileType = sourcecode.swift; path = DetailFavoritesViewController.swift; sourceTree = "<group>"; };
		ECBB0EE6289D87F400AF4E96 /* DetailFavoritesViewController + UICollectionView.swift */ = {isa = PBXFileReference; lastKnownFileType = sourcecode.swift; path = "DetailFavoritesViewController + UICollectionView.swift"; sourceTree = "<group>"; };
		ECBB0EE8289D893D00AF4E96 /* GenresFavoritesCollectionViewCell.swift */ = {isa = PBXFileReference; lastKnownFileType = sourcecode.swift; path = GenresFavoritesCollectionViewCell.swift; sourceTree = "<group>"; };
		ECBB0EEA289D8A3100AF4E96 /* DetailFavoritesViewController + UIScrollView.swift */ = {isa = PBXFileReference; lastKnownFileType = sourcecode.swift; path = "DetailFavoritesViewController + UIScrollView.swift"; sourceTree = "<group>"; };
		ECC76E06286F493500C7F7AB /* Kino_i_Tochka.app */ = {isa = PBXFileReference; explicitFileType = wrapper.application; includeInIndex = 0; path = Kino_i_Tochka.app; sourceTree = BUILT_PRODUCTS_DIR; };
		ECC76E09286F493500C7F7AB /* AppDelegate.swift */ = {isa = PBXFileReference; lastKnownFileType = sourcecode.swift; path = AppDelegate.swift; sourceTree = "<group>"; };
		ECC76E0B286F493500C7F7AB /* SceneDelegate.swift */ = {isa = PBXFileReference; lastKnownFileType = sourcecode.swift; path = SceneDelegate.swift; sourceTree = "<group>"; };
		ECC76E0D286F493500C7F7AB /* MoviesViewController.swift */ = {isa = PBXFileReference; lastKnownFileType = sourcecode.swift; path = MoviesViewController.swift; sourceTree = "<group>"; };
		ECC76E10286F493500C7F7AB /* Base */ = {isa = PBXFileReference; lastKnownFileType = file.storyboard; name = Base; path = Base.lproj/Main.storyboard; sourceTree = "<group>"; };
		ECC76E12286F493600C7F7AB /* Assets.xcassets */ = {isa = PBXFileReference; lastKnownFileType = folder.assetcatalog; path = Assets.xcassets; sourceTree = "<group>"; };
		ECC76E15286F493600C7F7AB /* Base */ = {isa = PBXFileReference; lastKnownFileType = file.storyboard; name = Base; path = Base.lproj/LaunchScreen.storyboard; sourceTree = "<group>"; };
		ECC76E17286F493600C7F7AB /* Info.plist */ = {isa = PBXFileReference; lastKnownFileType = text.plist.xml; path = Info.plist; sourceTree = "<group>"; };
		ECC76E23286F5BCF00C7F7AB /* MoviesModel.swift */ = {isa = PBXFileReference; lastKnownFileType = sourcecode.swift; path = MoviesModel.swift; sourceTree = "<group>"; };
		ECC9712628BFE5A400F6A02C /* PersonsFavoritesCollectionViewCell.swift */ = {isa = PBXFileReference; lastKnownFileType = sourcecode.swift; path = PersonsFavoritesCollectionViewCell.swift; sourceTree = "<group>"; };
		ECCB55B428B3FE1000967FF1 /* UIActivityIndicator + Extention.swift */ = {isa = PBXFileReference; lastKnownFileType = sourcecode.swift; path = "UIActivityIndicator + Extention.swift"; sourceTree = "<group>"; };
		ECD83E7428A41A0E003D2DC3 /* KeysDefaults.swift */ = {isa = PBXFileReference; lastKnownFileType = sourcecode.swift; path = KeysDefaults.swift; sourceTree = "<group>"; };
		ECDB61E32878CED100FEF240 /* RealmModel.swift */ = {isa = PBXFileReference; lastKnownFileType = sourcecode.swift; path = RealmModel.swift; sourceTree = "<group>"; };
		ECDB61E62878D08900FEF240 /* RealmManager.swift */ = {isa = PBXFileReference; lastKnownFileType = sourcecode.swift; path = RealmManager.swift; sourceTree = "<group>"; };
/* End PBXFileReference section */

/* Begin PBXFrameworksBuildPhase section */
		ECC76E03286F493500C7F7AB /* Frameworks */ = {
			isa = PBXFrameworksBuildPhase;
			buildActionMask = 2147483647;
			files = (
				DF2245A0E2C0E87A1C371237 /* Pods_Kino_i_Tochka.framework in Frameworks */,
			);
			runOnlyForDeploymentPostprocessing = 0;
		};
/* End PBXFrameworksBuildPhase section */

/* Begin PBXGroup section */
		00D99927226391CDA20CC257 /* Frameworks */ = {
			isa = PBXGroup;
			children = (
				137A273F4C166626E01603C0 /* Pods_Kino_i_Tochka.framework */,
			);
			name = Frameworks;
			sourceTree = "<group>";
		};
		7421A02727FD91CBDB00722E /* Pods */ = {
			isa = PBXGroup;
			children = (
				2DD35B520DD472F69A392628 /* Pods-Kino_i_Tochka.debug.xcconfig */,
				BE90AE0581DAEDA8003401D6 /* Pods-Kino_i_Tochka.release.xcconfig */,
			);
			path = Pods;
			sourceTree = "<group>";
		};
		EC00201328A9318A000B6D31 /* ViewModels */ = {
			isa = PBXGroup;
			children = (
				EC00201428A931A5000B6D31 /* MoviesViewModel.swift */,
				EC1F7C5828AAAE970032221E /* MoviesCellViewModel.swift */,
			);
			path = ViewModels;
			sourceTree = "<group>";
		};
		EC1F7C5528AAA9440032221E /* Protocols */ = {
			isa = PBXGroup;
			children = (
				EC1F7C5328AAA8860032221E /* MoviesViewModelType.swift */,
				EC1F7C5628AAAD9D0032221E /* MoviesCellViewModelType.swift */,
			);
			path = Protocols;
			sourceTree = "<group>";
		};
		EC3A7F41288C0DD40089427A /* MoviesViewController */ = {
			isa = PBXGroup;
			children = (
				EC3A7F44288C0E000089427A /* Cells */,
				ECC76E0D286F493500C7F7AB /* MoviesViewController.swift */,
				EC3A7F47288C0E4E0089427A /* MoviesViewController + UITableView.swift */,
			);
			path = MoviesViewController;
			sourceTree = "<group>";
		};
		EC3A7F42288C0DE40089427A /* DetailViewController */ = {
			isa = PBXGroup;
			children = (
				EC3A7F45288C0E050089427A /* Cells */,
				ECA1862E28709F4600399989 /* DetailViewController.swift */,
				EC3A7F49288C0E940089427A /* DetailViewController + UICollectionView.swift */,
				EC3A7F4F288C0F510089427A /* DetailViewController + UIScrollView.swift */,
			);
			path = DetailViewController;
			sourceTree = "<group>";
		};
		EC3A7F43288C0DF10089427A /* FavoritesViewController */ = {
			isa = PBXGroup;
			children = (
				EC3A7F46288C0E0A0089427A /* Cells */,
				EC9818D12879BE2600803059 /* FavoritesViewController.swift */,
				EC3A7F4B288C0ED10089427A /* FavoritesViewController + UITableView.swift */,
			);
			path = FavoritesViewController;
			sourceTree = "<group>";
		};
		EC3A7F44288C0E000089427A /* Cells */ = {
			isa = PBXGroup;
			children = (
				EC67B0BA286F63EB00C76AC8 /* MovieTableViewCell.swift */,
			);
			path = Cells;
			sourceTree = "<group>";
		};
		EC3A7F45288C0E050089427A /* Cells */ = {
			isa = PBXGroup;
			children = (
				EC97E69B2874AF70007F43DC /* GenresCollectionViewCell.swift */,
				ECA2173F2872096600534A65 /* PersonCollectionViewCell.swift */,
			);
			path = Cells;
			sourceTree = "<group>";
		};
		EC3A7F46288C0E0A0089427A /* Cells */ = {
			isa = PBXGroup;
			children = (
				EC9818D32879BEB100803059 /* FavoritesTableViewCell.swift */,
			);
			path = Cells;
			sourceTree = "<group>";
		};
		EC65BAFA289AE219009BDEE2 /* ProfileViewController */ = {
			isa = PBXGroup;
			children = (
				EC65BAFB289AE247009BDEE2 /* ProfileViewController.swift */,
			);
			path = ProfileViewController;
			sourceTree = "<group>";
		};
		EC67B0BC286F6F2800C76AC8 /* Models */ = {
			isa = PBXGroup;
			children = (
				ECC76E23286F5BCF00C7F7AB /* MoviesModel.swift */,
				ECA186302870A48A00399989 /* DetailMovieModel.swift */,
				ECDB61E32878CED100FEF240 /* RealmModel.swift */,
				ECD83E7428A41A0E003D2DC3 /* KeysDefaults.swift */,
			);
			path = Models;
			sourceTree = "<group>";
		};
		EC67B0BD286F6F3500C76AC8 /* Network */ = {
			isa = PBXGroup;
			children = (
				EC96BCC0287CAB2B0054A7A4 /* Network.swift */,
			);
			path = Network;
			sourceTree = "<group>";
		};
		EC9697A0287357D7005FDF89 /* UIKit + Extensions */ = {
			isa = PBXGroup;
			children = (
				ECA217172871C2B900534A65 /* UIImageView + Extension.swift */,
				EC9AD299287F29220035948D /* Int + Extension.swift */,
				EC3A7F4D288C0F140089427A /* UIView + Gradient.swift */,
				EC99220B289173A60075AB3E /* UIStackView + Extension.swift */,
				ECCB55B428B3FE1000967FF1 /* UIActivityIndicator + Extention.swift */,
			);
			path = "UIKit + Extensions";
			sourceTree = "<group>";
		};
		ECBB0EE2289D860100AF4E96 /* DetailFavoritesViewController */ = {
			isa = PBXGroup;
			children = (
				ECBB0EE3289D862400AF4E96 /* Cells */,
				ECBB0EE4289D864100AF4E96 /* DetailFavoritesViewController.swift */,
				ECBB0EE6289D87F400AF4E96 /* DetailFavoritesViewController + UICollectionView.swift */,
				ECBB0EEA289D8A3100AF4E96 /* DetailFavoritesViewController + UIScrollView.swift */,
			);
			path = DetailFavoritesViewController;
			sourceTree = "<group>";
		};
		ECBB0EE3289D862400AF4E96 /* Cells */ = {
			isa = PBXGroup;
			children = (
				ECBB0EE8289D893D00AF4E96 /* GenresFavoritesCollectionViewCell.swift */,
				ECC9712628BFE5A400F6A02C /* PersonsFavoritesCollectionViewCell.swift */,
			);
			path = Cells;
			sourceTree = "<group>";
		};
		ECC76DFD286F493500C7F7AB = {
			isa = PBXGroup;
			children = (
				ECC76E08286F493500C7F7AB /* Kino_i_Tochka */,
				ECC76E07286F493500C7F7AB /* Products */,
				7421A02727FD91CBDB00722E /* Pods */,
				00D99927226391CDA20CC257 /* Frameworks */,
			);
			sourceTree = "<group>";
		};
		ECC76E07286F493500C7F7AB /* Products */ = {
			isa = PBXGroup;
			children = (
				ECC76E06286F493500C7F7AB /* Kino_i_Tochka.app */,
			);
			name = Products;
			sourceTree = "<group>";
		};
		ECC76E08286F493500C7F7AB /* Kino_i_Tochka */ = {
			isa = PBXGroup;
			children = (
				ECC76E0F286F493500C7F7AB /* Main.storyboard */,
				ECC76E14286F493600C7F7AB /* LaunchScreen.storyboard */,
				ECC76E1D286F514600C7F7AB /* Application */,
				EC67B0BC286F6F2800C76AC8 /* Models */,
				EC00201328A9318A000B6D31 /* ViewModels */,
				EC1F7C5528AAA9440032221E /* Protocols */,
				ECC76E1F286F517D00C7F7AB /* ViewControllers */,
				ECDB61E52878D05F00FEF240 /* Services */,
				EC67B0BD286F6F3500C76AC8 /* Network */,
				EC9697A0287357D7005FDF89 /* UIKit + Extensions */,
				ECC76E1E286F516400C7F7AB /* Resources */,
			);
			path = Kino_i_Tochka;
			sourceTree = "<group>";
		};
		ECC76E1D286F514600C7F7AB /* Application */ = {
			isa = PBXGroup;
			children = (
				ECC76E09286F493500C7F7AB /* AppDelegate.swift */,
				ECC76E0B286F493500C7F7AB /* SceneDelegate.swift */,
			);
			path = Application;
			sourceTree = "<group>";
		};
		ECC76E1E286F516400C7F7AB /* Resources */ = {
			isa = PBXGroup;
			children = (
				EC05272A28A7E78E000370DF /* Config.xcconfig */,
				ECC76E12286F493600C7F7AB /* Assets.xcassets */,
				ECC76E17286F493600C7F7AB /* Info.plist */,
			);
			path = Resources;
			sourceTree = "<group>";
		};
		ECC76E1F286F517D00C7F7AB /* ViewControllers */ = {
			isa = PBXGroup;
			children = (
				EC3A7F41288C0DD40089427A /* MoviesViewController */,
				EC3A7F42288C0DE40089427A /* DetailViewController */,
				EC65BAFA289AE219009BDEE2 /* ProfileViewController */,
				EC3A7F43288C0DF10089427A /* FavoritesViewController */,
				ECBB0EE2289D860100AF4E96 /* DetailFavoritesViewController */,
			);
			path = ViewControllers;
			sourceTree = "<group>";
		};
		ECDB61E52878D05F00FEF240 /* Services */ = {
			isa = PBXGroup;
			children = (
				ECDB61E62878D08900FEF240 /* RealmManager.swift */,
				EC05272B28A7F58B000370DF /* SpotlightManager.swift */,
				ECB29D7728C1243F001AEE22 /* MoviesService.swift */,
			);
			path = Services;
			sourceTree = "<group>";
		};
/* End PBXGroup section */

/* Begin PBXNativeTarget section */
		ECC76E05286F493500C7F7AB /* Kino_i_Tochka */ = {
			isa = PBXNativeTarget;
			buildConfigurationList = ECC76E1A286F493600C7F7AB /* Build configuration list for PBXNativeTarget "Kino_i_Tochka" */;
			buildPhases = (
				12AFC86B35A1FB0AB6BE62E0 /* [CP] Check Pods Manifest.lock */,
				ECC76E02286F493500C7F7AB /* Sources */,
				ECC76E03286F493500C7F7AB /* Frameworks */,
				ECC76E04286F493500C7F7AB /* Resources */,
				8983C7766345F880393A2D28 /* [CP] Embed Pods Frameworks */,
			);
			buildRules = (
			);
			dependencies = (
			);
			name = Kino_i_Tochka;
			packageProductDependencies = (
			);
			productName = Kino_i_Tochka;
			productReference = ECC76E06286F493500C7F7AB /* Kino_i_Tochka.app */;
			productType = "com.apple.product-type.application";
		};
/* End PBXNativeTarget section */

/* Begin PBXProject section */
		ECC76DFE286F493500C7F7AB /* Project object */ = {
			isa = PBXProject;
			attributes = {
				BuildIndependentTargetsInParallel = 1;
				LastSwiftUpdateCheck = 1330;
				LastUpgradeCheck = 1330;
				TargetAttributes = {
					ECC76E05286F493500C7F7AB = {
						CreatedOnToolsVersion = 13.3.1;
					};
				};
			};
			buildConfigurationList = ECC76E01286F493500C7F7AB /* Build configuration list for PBXProject "Kino_i_Tochka" */;
			compatibilityVersion = "Xcode 13.0";
			developmentRegion = en;
			hasScannedForEncodings = 0;
			knownRegions = (
				en,
				Base,
			);
			mainGroup = ECC76DFD286F493500C7F7AB;
			packageReferences = (
			);
			productRefGroup = ECC76E07286F493500C7F7AB /* Products */;
			projectDirPath = "";
			projectRoot = "";
			targets = (
				ECC76E05286F493500C7F7AB /* Kino_i_Tochka */,
			);
		};
/* End PBXProject section */

/* Begin PBXResourcesBuildPhase section */
		ECC76E04286F493500C7F7AB /* Resources */ = {
			isa = PBXResourcesBuildPhase;
			buildActionMask = 2147483647;
			files = (
				ECC76E16286F493600C7F7AB /* LaunchScreen.storyboard in Resources */,
				ECC76E13286F493600C7F7AB /* Assets.xcassets in Resources */,
				ECC76E11286F493500C7F7AB /* Main.storyboard in Resources */,
			);
			runOnlyForDeploymentPostprocessing = 0;
		};
/* End PBXResourcesBuildPhase section */

/* Begin PBXShellScriptBuildPhase section */
		12AFC86B35A1FB0AB6BE62E0 /* [CP] Check Pods Manifest.lock */ = {
			isa = PBXShellScriptBuildPhase;
			buildActionMask = 2147483647;
			files = (
			);
			inputFileListPaths = (
			);
			inputPaths = (
				"${PODS_PODFILE_DIR_PATH}/Podfile.lock",
				"${PODS_ROOT}/Manifest.lock",
			);
			name = "[CP] Check Pods Manifest.lock";
			outputFileListPaths = (
			);
			outputPaths = (
				"$(DERIVED_FILE_DIR)/Pods-Kino_i_Tochka-checkManifestLockResult.txt",
			);
			runOnlyForDeploymentPostprocessing = 0;
			shellPath = /bin/sh;
			shellScript = "diff \"${PODS_PODFILE_DIR_PATH}/Podfile.lock\" \"${PODS_ROOT}/Manifest.lock\" > /dev/null\nif [ $? != 0 ] ; then\n    # print error to STDERR\n    echo \"error: The sandbox is not in sync with the Podfile.lock. Run 'pod install' or update your CocoaPods installation.\" >&2\n    exit 1\nfi\n# This output is used by Xcode 'outputs' to avoid re-running this script phase.\necho \"SUCCESS\" > \"${SCRIPT_OUTPUT_FILE_0}\"\n";
			showEnvVarsInLog = 0;
		};
		8983C7766345F880393A2D28 /* [CP] Embed Pods Frameworks */ = {
			isa = PBXShellScriptBuildPhase;
			buildActionMask = 2147483647;
			files = (
			);
			inputFileListPaths = (
				"${PODS_ROOT}/Target Support Files/Pods-Kino_i_Tochka/Pods-Kino_i_Tochka-frameworks-${CONFIGURATION}-input-files.xcfilelist",
			);
			name = "[CP] Embed Pods Frameworks";
			outputFileListPaths = (
				"${PODS_ROOT}/Target Support Files/Pods-Kino_i_Tochka/Pods-Kino_i_Tochka-frameworks-${CONFIGURATION}-output-files.xcfilelist",
			);
			runOnlyForDeploymentPostprocessing = 0;
			shellPath = /bin/sh;
			shellScript = "\"${PODS_ROOT}/Target Support Files/Pods-Kino_i_Tochka/Pods-Kino_i_Tochka-frameworks.sh\"\n";
			showEnvVarsInLog = 0;
		};
/* End PBXShellScriptBuildPhase section */

/* Begin PBXSourcesBuildPhase section */
		ECC76E02286F493500C7F7AB /* Sources */ = {
			isa = PBXSourcesBuildPhase;
			buildActionMask = 2147483647;
			files = (
				ECA186312870A48A00399989 /* DetailMovieModel.swift in Sources */,
				ECC76E0E286F493500C7F7AB /* MoviesViewController.swift in Sources */,
				ECBB0EE5289D864100AF4E96 /* DetailFavoritesViewController.swift in Sources */,
				EC3A7F50288C0F510089427A /* DetailViewController + UIScrollView.swift in Sources */,
				EC3A7F48288C0E4E0089427A /* MoviesViewController + UITableView.swift in Sources */,
				EC96BCC1287CAB2B0054A7A4 /* Network.swift in Sources */,
				EC1F7C5428AAA8860032221E /* MoviesViewModelType.swift in Sources */,
				EC3A7F4A288C0E940089427A /* DetailViewController + UICollectionView.swift in Sources */,
				EC9AD29A287F29220035948D /* Int + Extension.swift in Sources */,
				ECD83E7528A41A0E003D2DC3 /* KeysDefaults.swift in Sources */,
				ECC76E0A286F493500C7F7AB /* AppDelegate.swift in Sources */,
				EC3A7F4E288C0F140089427A /* UIView + Gradient.swift in Sources */,
				EC65BAFC289AE247009BDEE2 /* ProfileViewController.swift in Sources */,
				ECBB0EE7289D87F400AF4E96 /* DetailFavoritesViewController + UICollectionView.swift in Sources */,
				EC00201528A931A5000B6D31 /* MoviesViewModel.swift in Sources */,
				EC3A7F4C288C0ED10089427A /* FavoritesViewController + UITableView.swift in Sources */,
				EC05272C28A7F58B000370DF /* SpotlightManager.swift in Sources */,
				EC67B0BB286F63EB00C76AC8 /* MovieTableViewCell.swift in Sources */,
				EC97E69C2874AF70007F43DC /* GenresCollectionViewCell.swift in Sources */,
				ECBB0EEB289D8A3100AF4E96 /* DetailFavoritesViewController + UIScrollView.swift in Sources */,
				ECCB55B528B3FE1000967FF1 /* UIActivityIndicator + Extention.swift in Sources */,
				ECDB61E72878D08900FEF240 /* RealmManager.swift in Sources */,
				ECB29D7828C1243F001AEE22 /* MoviesService.swift in Sources */,
				EC99220C289173A60075AB3E /* UIStackView + Extension.swift in Sources */,
				ECA217182871C2B900534A65 /* UIImageView + Extension.swift in Sources */,
				ECC76E24286F5BCF00C7F7AB /* MoviesModel.swift in Sources */,
				ECA217402872096600534A65 /* PersonCollectionViewCell.swift in Sources */,
				ECC9712728BFE5A400F6A02C /* PersonsFavoritesCollectionViewCell.swift in Sources */,
				ECC76E0C286F493500C7F7AB /* SceneDelegate.swift in Sources */,
				ECDB61E42878CED100FEF240 /* RealmModel.swift in Sources */,
				ECBB0EE9289D893D00AF4E96 /* GenresFavoritesCollectionViewCell.swift in Sources */,
				EC9818D42879BEB100803059 /* FavoritesTableViewCell.swift in Sources */,
				EC9818D22879BE2600803059 /* FavoritesViewController.swift in Sources */,
				ECA1862F28709F4600399989 /* DetailViewController.swift in Sources */,
				EC1F7C5928AAAE970032221E /* MoviesCellViewModel.swift in Sources */,
				EC1F7C5728AAAD9D0032221E /* MoviesCellViewModelType.swift in Sources */,
			);
			runOnlyForDeploymentPostprocessing = 0;
		};
/* End PBXSourcesBuildPhase section */

/* Begin PBXVariantGroup section */
		ECC76E0F286F493500C7F7AB /* Main.storyboard */ = {
			isa = PBXVariantGroup;
			children = (
				ECC76E10286F493500C7F7AB /* Base */,
			);
			name = Main.storyboard;
			sourceTree = "<group>";
		};
		ECC76E14286F493600C7F7AB /* LaunchScreen.storyboard */ = {
			isa = PBXVariantGroup;
			children = (
				ECC76E15286F493600C7F7AB /* Base */,
			);
			name = LaunchScreen.storyboard;
			sourceTree = "<group>";
		};
/* End PBXVariantGroup section */

/* Begin XCBuildConfiguration section */
		ECC76E18286F493600C7F7AB /* Debug */ = {
			isa = XCBuildConfiguration;
			baseConfigurationReference = EC05272A28A7E78E000370DF /* Config.xcconfig */;
			buildSettings = {
				ALWAYS_SEARCH_USER_PATHS = NO;
				CLANG_ANALYZER_NONNULL = YES;
				CLANG_ANALYZER_NUMBER_OBJECT_CONVERSION = YES_AGGRESSIVE;
				CLANG_CXX_LANGUAGE_STANDARD = "gnu++17";
				CLANG_ENABLE_MODULES = YES;
				CLANG_ENABLE_OBJC_ARC = YES;
				CLANG_ENABLE_OBJC_WEAK = YES;
				CLANG_WARN_BLOCK_CAPTURE_AUTORELEASING = YES;
				CLANG_WARN_BOOL_CONVERSION = YES;
				CLANG_WARN_COMMA = YES;
				CLANG_WARN_CONSTANT_CONVERSION = YES;
				CLANG_WARN_DEPRECATED_OBJC_IMPLEMENTATIONS = YES;
				CLANG_WARN_DIRECT_OBJC_ISA_USAGE = YES_ERROR;
				CLANG_WARN_DOCUMENTATION_COMMENTS = YES;
				CLANG_WARN_EMPTY_BODY = YES;
				CLANG_WARN_ENUM_CONVERSION = YES;
				CLANG_WARN_INFINITE_RECURSION = YES;
				CLANG_WARN_INT_CONVERSION = YES;
				CLANG_WARN_NON_LITERAL_NULL_CONVERSION = YES;
				CLANG_WARN_OBJC_IMPLICIT_RETAIN_SELF = YES;
				CLANG_WARN_OBJC_LITERAL_CONVERSION = YES;
				CLANG_WARN_OBJC_ROOT_CLASS = YES_ERROR;
				CLANG_WARN_QUOTED_INCLUDE_IN_FRAMEWORK_HEADER = YES;
				CLANG_WARN_RANGE_LOOP_ANALYSIS = YES;
				CLANG_WARN_STRICT_PROTOTYPES = YES;
				CLANG_WARN_SUSPICIOUS_MOVE = YES;
				CLANG_WARN_UNGUARDED_AVAILABILITY = YES_AGGRESSIVE;
				CLANG_WARN_UNREACHABLE_CODE = YES;
				CLANG_WARN__DUPLICATE_METHOD_MATCH = YES;
				COPY_PHASE_STRIP = NO;
				DEBUG_INFORMATION_FORMAT = dwarf;
				ENABLE_STRICT_OBJC_MSGSEND = YES;
				ENABLE_TESTABILITY = YES;
				GCC_C_LANGUAGE_STANDARD = gnu11;
				GCC_DYNAMIC_NO_PIC = NO;
				GCC_NO_COMMON_BLOCKS = YES;
				GCC_OPTIMIZATION_LEVEL = 0;
				GCC_PREPROCESSOR_DEFINITIONS = (
					"DEBUG=1",
					"$(inherited)",
				);
				GCC_WARN_64_TO_32_BIT_CONVERSION = YES;
				GCC_WARN_ABOUT_RETURN_TYPE = YES_ERROR;
				GCC_WARN_UNDECLARED_SELECTOR = YES;
				GCC_WARN_UNINITIALIZED_AUTOS = YES_AGGRESSIVE;
				GCC_WARN_UNUSED_FUNCTION = YES;
				GCC_WARN_UNUSED_VARIABLE = YES;
				IPHONEOS_DEPLOYMENT_TARGET = 15.0;
				MTL_ENABLE_DEBUG_INFO = INCLUDE_SOURCE;
				MTL_FAST_MATH = YES;
				ONLY_ACTIVE_ARCH = YES;
				SDKROOT = iphoneos;
				SWIFT_ACTIVE_COMPILATION_CONDITIONS = DEBUG;
				SWIFT_OPTIMIZATION_LEVEL = "-Onone";
			};
			name = Debug;
		};
		ECC76E19286F493600C7F7AB /* Release */ = {
			isa = XCBuildConfiguration;
			baseConfigurationReference = EC05272A28A7E78E000370DF /* Config.xcconfig */;
			buildSettings = {
				ALWAYS_SEARCH_USER_PATHS = NO;
				CLANG_ANALYZER_NONNULL = YES;
				CLANG_ANALYZER_NUMBER_OBJECT_CONVERSION = YES_AGGRESSIVE;
				CLANG_CXX_LANGUAGE_STANDARD = "gnu++17";
				CLANG_ENABLE_MODULES = YES;
				CLANG_ENABLE_OBJC_ARC = YES;
				CLANG_ENABLE_OBJC_WEAK = YES;
				CLANG_WARN_BLOCK_CAPTURE_AUTORELEASING = YES;
				CLANG_WARN_BOOL_CONVERSION = YES;
				CLANG_WARN_COMMA = YES;
				CLANG_WARN_CONSTANT_CONVERSION = YES;
				CLANG_WARN_DEPRECATED_OBJC_IMPLEMENTATIONS = YES;
				CLANG_WARN_DIRECT_OBJC_ISA_USAGE = YES_ERROR;
				CLANG_WARN_DOCUMENTATION_COMMENTS = YES;
				CLANG_WARN_EMPTY_BODY = YES;
				CLANG_WARN_ENUM_CONVERSION = YES;
				CLANG_WARN_INFINITE_RECURSION = YES;
				CLANG_WARN_INT_CONVERSION = YES;
				CLANG_WARN_NON_LITERAL_NULL_CONVERSION = YES;
				CLANG_WARN_OBJC_IMPLICIT_RETAIN_SELF = YES;
				CLANG_WARN_OBJC_LITERAL_CONVERSION = YES;
				CLANG_WARN_OBJC_ROOT_CLASS = YES_ERROR;
				CLANG_WARN_QUOTED_INCLUDE_IN_FRAMEWORK_HEADER = YES;
				CLANG_WARN_RANGE_LOOP_ANALYSIS = YES;
				CLANG_WARN_STRICT_PROTOTYPES = YES;
				CLANG_WARN_SUSPICIOUS_MOVE = YES;
				CLANG_WARN_UNGUARDED_AVAILABILITY = YES_AGGRESSIVE;
				CLANG_WARN_UNREACHABLE_CODE = YES;
				CLANG_WARN__DUPLICATE_METHOD_MATCH = YES;
				COPY_PHASE_STRIP = NO;
				DEBUG_INFORMATION_FORMAT = "dwarf-with-dsym";
				ENABLE_NS_ASSERTIONS = NO;
				ENABLE_STRICT_OBJC_MSGSEND = YES;
				GCC_C_LANGUAGE_STANDARD = gnu11;
				GCC_NO_COMMON_BLOCKS = YES;
				GCC_WARN_64_TO_32_BIT_CONVERSION = YES;
				GCC_WARN_ABOUT_RETURN_TYPE = YES_ERROR;
				GCC_WARN_UNDECLARED_SELECTOR = YES;
				GCC_WARN_UNINITIALIZED_AUTOS = YES_AGGRESSIVE;
				GCC_WARN_UNUSED_FUNCTION = YES;
				GCC_WARN_UNUSED_VARIABLE = YES;
				IPHONEOS_DEPLOYMENT_TARGET = 15.0;
				MTL_ENABLE_DEBUG_INFO = NO;
				MTL_FAST_MATH = YES;
				SDKROOT = iphoneos;
				SWIFT_COMPILATION_MODE = wholemodule;
				SWIFT_OPTIMIZATION_LEVEL = "-O";
				VALIDATE_PRODUCT = YES;
			};
			name = Release;
		};
		ECC76E1B286F493600C7F7AB /* Debug */ = {
			isa = XCBuildConfiguration;
			baseConfigurationReference = 2DD35B520DD472F69A392628 /* Pods-Kino_i_Tochka.debug.xcconfig */;
			buildSettings = {
				ASSETCATALOG_COMPILER_APPICON_NAME = AppIcon;
				ASSETCATALOG_COMPILER_GLOBAL_ACCENT_COLOR_NAME = AccentColor;
				CODE_SIGN_STYLE = Automatic;
				CURRENT_PROJECT_VERSION = 1;
				DEVELOPMENT_TEAM = DTN97VNT76;
				GENERATE_INFOPLIST_FILE = YES;
				INFOPLIST_FILE = Kino_i_Tochka/Resources/Info.plist;
				INFOPLIST_KEY_UIApplicationSupportsIndirectInputEvents = YES;
				INFOPLIST_KEY_UILaunchStoryboardName = LaunchScreen;
				INFOPLIST_KEY_UIMainStoryboardFile = Main;
				INFOPLIST_KEY_UISupportedInterfaceOrientations = UIInterfaceOrientationPortrait;
				INFOPLIST_KEY_UISupportedInterfaceOrientations_iPad = "UIInterfaceOrientationPortrait UIInterfaceOrientationPortraitUpsideDown UIInterfaceOrientationLandscapeLeft UIInterfaceOrientationLandscapeRight";
				INFOPLIST_KEY_UISupportedInterfaceOrientations_iPhone = "UIInterfaceOrientationPortrait UIInterfaceOrientationLandscapeLeft UIInterfaceOrientationLandscapeRight";
				IPHONEOS_DEPLOYMENT_TARGET = 15.0;
				LD_RUNPATH_SEARCH_PATHS = (
					"$(inherited)",
					"@executable_path/Frameworks",
				);
				MARKETING_VERSION = 1.0;
				PRODUCT_BUNDLE_IDENTIFIER = "com.maxhmelev.Kino-i-Tochka";
				PRODUCT_NAME = "$(TARGET_NAME)";
				SWIFT_EMIT_LOC_STRINGS = YES;
				SWIFT_VERSION = 5.0;
				TARGETED_DEVICE_FAMILY = 1;
			};
			name = Debug;
		};
		ECC76E1C286F493600C7F7AB /* Release */ = {
			isa = XCBuildConfiguration;
			baseConfigurationReference = BE90AE0581DAEDA8003401D6 /* Pods-Kino_i_Tochka.release.xcconfig */;
			buildSettings = {
				ASSETCATALOG_COMPILER_APPICON_NAME = AppIcon;
				ASSETCATALOG_COMPILER_GLOBAL_ACCENT_COLOR_NAME = AccentColor;
				CODE_SIGN_STYLE = Automatic;
				CURRENT_PROJECT_VERSION = 1;
				DEVELOPMENT_TEAM = DTN97VNT76;
				GENERATE_INFOPLIST_FILE = YES;
				INFOPLIST_FILE = Kino_i_Tochka/Resources/Info.plist;
				INFOPLIST_KEY_UIApplicationSupportsIndirectInputEvents = YES;
				INFOPLIST_KEY_UILaunchStoryboardName = LaunchScreen;
				INFOPLIST_KEY_UIMainStoryboardFile = Main;
				INFOPLIST_KEY_UISupportedInterfaceOrientations = UIInterfaceOrientationPortrait;
				INFOPLIST_KEY_UISupportedInterfaceOrientations_iPad = "UIInterfaceOrientationPortrait UIInterfaceOrientationPortraitUpsideDown UIInterfaceOrientationLandscapeLeft UIInterfaceOrientationLandscapeRight";
				INFOPLIST_KEY_UISupportedInterfaceOrientations_iPhone = "UIInterfaceOrientationPortrait UIInterfaceOrientationLandscapeLeft UIInterfaceOrientationLandscapeRight";
				IPHONEOS_DEPLOYMENT_TARGET = 15.0;
				LD_RUNPATH_SEARCH_PATHS = (
					"$(inherited)",
					"@executable_path/Frameworks",
				);
				MARKETING_VERSION = 1.0;
				PRODUCT_BUNDLE_IDENTIFIER = "com.maxhmelev.Kino-i-Tochka";
				PRODUCT_NAME = "$(TARGET_NAME)";
				SWIFT_EMIT_LOC_STRINGS = YES;
				SWIFT_VERSION = 5.0;
				TARGETED_DEVICE_FAMILY = 1;
			};
			name = Release;
		};
/* End XCBuildConfiguration section */

/* Begin XCConfigurationList section */
		ECC76E01286F493500C7F7AB /* Build configuration list for PBXProject "Kino_i_Tochka" */ = {
			isa = XCConfigurationList;
			buildConfigurations = (
				ECC76E18286F493600C7F7AB /* Debug */,
				ECC76E19286F493600C7F7AB /* Release */,
			);
			defaultConfigurationIsVisible = 0;
			defaultConfigurationName = Release;
		};
		ECC76E1A286F493600C7F7AB /* Build configuration list for PBXNativeTarget "Kino_i_Tochka" */ = {
			isa = XCConfigurationList;
			buildConfigurations = (
				ECC76E1B286F493600C7F7AB /* Debug */,
				ECC76E1C286F493600C7F7AB /* Release */,
			);
			defaultConfigurationIsVisible = 0;
			defaultConfigurationName = Release;
		};
/* End XCConfigurationList section */
	};
	rootObject = ECC76DFE286F493500C7F7AB /* Project object */;
}
